{
    "_meta": {
        "hash": {
            "sha256": "b8682c366c351f6d87605f8b8f7a43455efaa351878128917555e3052dac2523"
        },
        "pipfile-spec": 6,
        "requires": {
            "python_version": "3.8"
        },
        "sources": [
            {
                "name": "pypi",
                "url": "https://pypi.org/simple",
                "verify_ssl": true
            }
        ]
    },
    "default": {
        "asgiref": {
            "hashes": [
                "sha256:8036f90603c54e93521e5777b2b9a39ba1bad05773fcf2d208f0299d1df58ce5",
                "sha256:9ca8b952a0a9afa61d30aa6d3d9b570bb3fd6bafcf7ec9e6bed43b936133db1c"
            ],
            "version": "==3.2.7"
        },
        "certifi": {
            "hashes": [
                "sha256:1d987a998c75633c40847cc966fcf5904906c920a7f17ef374f5aa4282abd304",
                "sha256:51fcb31174be6e6664c5f69e3e1691a2d72a1a12e90f872cbdb1567eb47b6519"
            ],
            "version": "==2020.4.5.1"
        },
        "chardet": {
            "hashes": [
                "sha256:84ab92ed1c4d4f16916e05906b6b75a6c0fb5db821cc65e70cbd64a3e2a5eaae",
                "sha256:fc323ffcaeaed0e0a02bf4d117757b98aed530d9ed4531e3e15460124c106691"
            ],
            "version": "==3.0.4"
        },
        "django": {
            "hashes": [
                "sha256:5052b34b34b3425233c682e0e11d658fd6efd587d11335a0203d827224ada8f2",
                "sha256:e1630333248c9b3d4e38f02093a26f1e07b271ca896d73097457996e0fae12e8"
            ],
            "index": "pypi",
            "version": "==3.0.7"
        },
        "greenlet": {
            "hashes": [
                "sha256:1000038ba0ea9032948e2156a9c15f5686f36945e8f9906e6b8db49f358e7b52",
                "sha256:133ba06bad4e5f2f8bf6a0ac434e0fd686df749a86b3478903b92ec3a9c0c90b",
                "sha256:1429dc183b36ec972055e13250d96e174491559433eb3061691b446899b87384",
                "sha256:1b805231bfb7b2900a16638c3c8b45c694334c811f84463e52451e00c9412691",
                "sha256:3a35e33902b2e6079949feed7a2dafa5ac6f019da97bd255842bb22de3c11bf5",
                "sha256:5ea034d040e6ab1d2ae04ab05a3f37dbd719c4dee3804b13903d4cc794b1336e",
                "sha256:682328aa576ec393c1872615bcb877cf32d800d4a2f150e1a5dc7e56644010b1",
                "sha256:6e06eac722676797e8fce4adb8ad3dc57a1bb3adfb0dd3fdf8306c055a38456c",
                "sha256:7eed31f4efc8356e200568ba05ad645525f1fbd8674f1e5be61a493e715e3873",
                "sha256:80cb0380838bf4e48da6adedb0c7cd060c187bb4a75f67a5aa9ec33689b84872",
                "sha256:b0b2a984bbfc543d144d88caad6cc7ff4a71be77102014bd617bd88cfb038727",
                "sha256:c196a5394c56352e21cb7224739c6dd0075b69dd56f758505951d1d8d68cf8a9",
                "sha256:d83c1d38658b0f81c282b41238092ed89d8f93c6e342224ab73fb39e16848721",
                "sha256:df7de669cbf21de4b04a3ffc9920bc8426cab4c61365fa84d79bf97401a8bef7",
                "sha256:e5db19d4a7d41bbeb3dd89b49fc1bc7e6e515b51bbf32589c618655a0ebe0bf0",
                "sha256:e695ac8c3efe124d998230b219eb51afb6ef10524a50b3c45109c4b77a8a3a92",
                "sha256:eac2a3f659d5f41d6bbfb6a97733bc7800ea5e906dc873732e00cebb98cec9e4"
            ],
            "version": "==0.4.16"
        },
        "idna": {
            "hashes": [
                "sha256:7588d1c14ae4c77d74036e8c22ff447b26d0fde8f007354fd48a7814db15b7cb",
                "sha256:a068a21ceac8a4d63dbfd964670474107f541babbd2250d61922f029858365fa"
            ],
            "version": "==2.9"
        },
        "jedi": {
            "hashes": [
                "sha256:cd60c93b71944d628ccac47df9a60fec53150de53d42dc10a7fc4b5ba6aae798",
                "sha256:df40c97641cb943661d2db4c33c2e1ff75d491189423249e989bcea4464f3030"
            ],
            "index": "pypi",
            "version": "==0.17.0"
        },
        "msgpack": {
            "hashes": [
                "sha256:002a0d813e1f7b60da599bdf969e632074f9eec1b96cbed8fb0973a63160a408",
                "sha256:25b3bc3190f3d9d965b818123b7752c5dfb953f0d774b454fd206c18fe384fb8",
                "sha256:271b489499a43af001a2e42f42d876bb98ccaa7e20512ff37ca78c8e12e68f84",
                "sha256:39c54fdebf5fa4dda733369012c59e7d085ebdfe35b6cf648f09d16708f1be5d",
                "sha256:4233b7f86c1208190c78a525cd3828ca1623359ef48f78a6fea4b91bb995775a",
                "sha256:5bea44181fc8e18eed1d0cd76e355073f00ce232ff9653a0ae88cb7d9e643322",
                "sha256:5dba6d074fac9b24f29aaf1d2d032306c27f04187651511257e7831733293ec2",
                "sha256:7a22c965588baeb07242cb561b63f309db27a07382825fc98aecaf0827c1538e",
                "sha256:908944e3f038bca67fcfedb7845c4a257c7749bf9818632586b53bcf06ba4b97",
                "sha256:9534d5cc480d4aff720233411a1f765be90885750b07df772380b34c10ecb5c0",
                "sha256:aa5c057eab4f40ec47ea6f5a9825846be2ff6bf34102c560bad5cad5a677c5be",
                "sha256:b3758dfd3423e358bbb18a7cccd1c74228dffa7a697e5be6cb9535de625c0dbf",
                "sha256:c901e8058dd6653307906c5f157f26ed09eb94a850dddd989621098d347926ab",
                "sha256:cec8bf10981ed70998d98431cd814db0ecf3384e6b113366e7f36af71a0fca08",
                "sha256:db685187a415f51d6b937257474ca72199f393dad89534ebbdd7d7a3b000080e",
                "sha256:e35b051077fc2f3ce12e7c6a34cf309680c63a842db3a0616ea6ed25ad20d272",
                "sha256:e7bbdd8e2b277b77782f3ce34734b0dfde6cbe94ddb74de8d733d603c7f9e2b1",
                "sha256:ea41c9219c597f1d2bf6b374d951d310d58684b5de9dc4bd2976db9e1e22c140"
            ],
            "version": "==1.0.0"
        },
        "node": {
            "hashes": [
                "sha256:39f156acbc6aa38dac7f85f291c33f6f285c7f8cad0786727cb06a8443c907b3"
            ],
            "index": "pypi",
            "version": "==0.9.25"
        },
        "odict": {
            "hashes": [
                "sha256:40ccbe7dbabb352bf857bffcce9b4079785c6d3a59ca591e8ab456678173c106"
            ],
            "version": "==1.7.0"
        },
        "parso": {
            "hashes": [
                "sha256:158c140fc04112dc45bca311633ae5033c2c2a7b732fa33d0955bad8152a8dd0",
                "sha256:908e9fae2144a076d72ae4e25539143d40b8e3eafbaeae03c1bfe226f4cdf12c"
            ],
            "version": "==0.7.0"
        },
        "plumber": {
            "hashes": [
                "sha256:7758caeb505661e40511386644165248b2b36e2a8c8619735ceb0a42e2bb8ad4"
            ],
            "version": "==1.6"
        },
        "pynvim": {
            "hashes": [
                "sha256:55e918d664654cfa1c9889d3dbe7c63e9f338df5d49471663f78d54c85e84c58"
            ],
            "index": "pypi",
            "version": "==0.4.1"
        },
        "pytz": {
            "hashes": [
                "sha256:a494d53b6d39c3c6e44c3bec237336e14305e4f29bbf800b599253057fbb79ed",
                "sha256:c35965d010ce31b23eeb663ed3cc8c906275d6be1a34393a1d73a41febf4a048"
            ],
            "version": "==2020.1"
        },
        "requests": {
            "hashes": [
                "sha256:43999036bfa82904b6af1d99e4882b560e5e2c68e5c4b0aa03b655f3d7d73fee",
                "sha256:b3f43d496c6daba4493e7c431722aeb7dbc6288f52a6e04e7b6023b0247817e6"
            ],
            "index": "pypi",
            "version": "==2.23.0"
        },
        "sqlparse": {
            "hashes": [
                "sha256:022fb9c87b524d1f7862b3037e541f68597a730a8843245c349fc93e1643dc4e",
                "sha256:e162203737712307dfe78860cc56c8da8a852ab2ee33750e33aeadf38d12c548"
            ],
            "version": "==0.3.1"
        },
        "urllib3": {
            "hashes": [
                "sha256:3018294ebefce6572a474f0604c2021e33b3fd8006ecd11d62107a5d2a963527",
                "sha256:88206b0eb87e6d677d424843ac5209e3fb9d0190d0ee169599165ec25e9d9115"
            ],
            "version": "==1.25.9"
        },
        "zope.component": {
            "hashes": [
                "sha256:bfbe55d4a93e70a78b10edc3aad4de31bb8860919b7cbd8d66f717f7d7b279ac",
                "sha256:d9c7c27673d787faff8a83797ce34d6ebcae26a370e25bddb465ac2182766aca"
            ],
            "version": "==4.6.1"
        },
        "zope.deferredimport": {
            "hashes": [
                "sha256:57b2345e7b5eef47efcd4f634ff16c93e4265de3dcf325afc7315ade48d909e1",
                "sha256:9a0c211df44aa95f1c4e6d2626f90b400f56989180d3ef96032d708da3d23e0a"
            ],
            "version": "==4.3.1"
        },
        "zope.deprecation": {
            "hashes": [
                "sha256:0d453338f04bacf91bbfba545d8bcdf529aa829e67b705eac8c1a7fdce66e2df",
                "sha256:f1480b74995958b24ce37b0ef04d3663d2683e5d6debc96726eff18acf4ea113"
            ],
            "version": "==4.4.0"
        },
        "zope.event": {
            "hashes": [
                "sha256:69c27debad9bdacd9ce9b735dad382142281ac770c4a432b533d6d65c4614bcf",
                "sha256:d8e97d165fd5a0997b45f5303ae11ea3338becfe68c401dd88ffd2113fe5cae7"
            ],
            "version": "==4.4"
        },
        "zope.hookable": {
            "hashes": [
                "sha256:0194b9b9e7f614abba60c90b231908861036578297515d3d6508eb10190f266d",
                "sha256:0c2977473918bdefc6fa8dfb311f154e7f13c6133957fe649704deca79b92093",
                "sha256:17b8bdb3b77e03a152ca0d5ca185a7ae0156f5e5a2dbddf538676633a1f7380f",
                "sha256:29d07681a78042cdd15b268ae9decffed9ace68a53eebeb61d65ae931d158841",
                "sha256:36fb1b35d1150267cb0543a1ddd950c0bc2c75ed0e6e92e3aaa6ac2e29416cb7",
                "sha256:3aed60c2bb5e812bbf9295c70f25b17ac37c233f30447a96c67913ba5073642f",
                "sha256:3cac1565cc768911e72ca9ec4ddf5c5109e1fef0104f19f06649cf1874943b60",
                "sha256:3d4bc0cc4a37c3cd3081063142eeb2125511db3c13f6dc932d899c512690378e",
                "sha256:3f73096f27b8c28be53ffb6604f7b570fbbb82f273c6febe5f58119009b59898",
                "sha256:522d1153d93f2d48aa0bd9fb778d8d4500be2e4dcf86c3150768f0e3adbbc4ef",
                "sha256:523d2928fb7377bbdbc9af9c0b14ad73e6eaf226349f105733bdae27efd15b5a",
                "sha256:5848309d4fc5c02150a45e8f8d2227e5bfda386a508bbd3160fed7c633c5a2fa",
                "sha256:6781f86e6d54a110980a76e761eb54590630fd2af2a17d7edf02a079d2646c1d",
                "sha256:6fd27921ebf3aaa945fa25d790f1f2046204f24dba4946f82f5f0a442577c3e9",
                "sha256:70d581862863f6bf9e175e85c9d70c2d7155f53fb04dcdb2f73cf288ca559a53",
                "sha256:81867c23b0dc66c8366f351d00923f2bc5902820a24c2534dfd7bf01a5879963",
                "sha256:81db29edadcbb740cd2716c95a297893a546ed89db1bfe9110168732d7f0afdd",
                "sha256:86bd12624068cea60860a0759af5e2c3adc89c12aef6f71cf12f577e28deefe3",
                "sha256:9c184d8f9f7a76e1ced99855ccf390ffdd0ec3765e5cbf7b9cada600accc0a1e",
                "sha256:acc789e8c29c13555e43fe4bf9fcd15a65512c9645e97bbaa5602e3201252b02",
                "sha256:afaa740206b7660d4cc3b8f120426c85761f51379af7a5b05451f624ad12b0af",
                "sha256:b5f5fa323f878bb16eae68ea1ba7f6c0419d4695d0248bed4b18f51d7ce5ab85",
                "sha256:bd89e0e2c67bf4ac3aca2a19702b1a37269fb1923827f68324ac2e7afd6e3406",
                "sha256:c212de743283ec0735db24ec6ad913758df3af1b7217550ff270038062afd6ae",
                "sha256:ca553f524293a0bdea05e7f44c3e685e4b7b022cb37d87bc4a3efa0f86587a8d",
                "sha256:cab67065a3db92f636128d3157cc5424a145f82d96fb47159c539132833a6d36",
                "sha256:d3b3b3eedfdbf6b02898216e85aa6baf50207f4378a2a6803d6d47650cd37031",
                "sha256:d9f4a5a72f40256b686d31c5c0b1fde503172307beb12c1568296e76118e402c",
                "sha256:df5067d87aaa111ed5d050e1ee853ba284969497f91806efd42425f5348f1c06",
                "sha256:e2587644812c6138f05b8a41594a8337c6790e3baf9a01915e52438c13fc6bef",
                "sha256:e27fd877662db94f897f3fd532ef211ca4901eb1a70ba456f15c0866a985464a",
                "sha256:e427ebbdd223c72e06ba94c004bb04e996c84dec8a0fa84e837556ae145c439e",
                "sha256:e583ad4309c203ef75a09d43434cf9c2b4fa247997ecb0dcad769982c39411c7",
                "sha256:e760b2bc8ece9200804f0c2b64d10147ecaf18455a2a90827fbec4c9d84f3ad5",
                "sha256:ea9a9cc8bcc70e18023f30fa2f53d11ae069572a162791224e60cd65df55fb69",
                "sha256:ecb3f17dce4803c1099bd21742cd126b59817a4e76a6544d31d2cca6e30dbffd",
                "sha256:ed794e3b3de42486d30444fb60b5561e724ee8a2d1b17b0c2e0f81e3ddaf7a87",
                "sha256:ee885d347279e38226d0a437b6a932f207f691c502ee565aba27a7022f1285df",
                "sha256:fd5e7bc5f24f7e3d490698f7b854659a9851da2187414617cd5ed360af7efd63",
                "sha256:fe45f6870f7588ac7b2763ff1ce98cce59369717afe70cc353ec5218bc854bcc"
            ],
            "version": "==5.0.1"
        },
        "zope.interface": {
            "hashes": [
                "sha256:0103cba5ed09f27d2e3de7e48bb320338592e2fabc5ce1432cf33808eb2dfd8b",
                "sha256:14415d6979356629f1c386c8c4249b4d0082f2ea7f75871ebad2e29584bd16c5",
                "sha256:1ae4693ccee94c6e0c88a4568fb3b34af8871c60f5ba30cf9f94977ed0e53ddd",
                "sha256:1b87ed2dc05cb835138f6a6e3595593fea3564d712cb2eb2de963a41fd35758c",
                "sha256:269b27f60bcf45438e8683269f8ecd1235fa13e5411de93dae3b9ee4fe7f7bc7",
                "sha256:27d287e61639d692563d9dab76bafe071fbeb26818dd6a32a0022f3f7ca884b5",
                "sha256:39106649c3082972106f930766ae23d1464a73b7d30b3698c986f74bf1256a34",
                "sha256:40e4c42bd27ed3c11b2c983fecfb03356fae1209de10686d03c02c8696a1d90e",
                "sha256:461d4339b3b8f3335d7e2c90ce335eb275488c587b61aca4b305196dde2ff086",
                "sha256:4f98f70328bc788c86a6a1a8a14b0ea979f81ae6015dd6c72978f1feff70ecda",
                "sha256:558a20a0845d1a5dc6ff87cd0f63d7dac982d7c3be05d2ffb6322a87c17fa286",
                "sha256:562dccd37acec149458c1791da459f130c6cf8902c94c93b8d47c6337b9fb826",
                "sha256:5e86c66a6dea8ab6152e83b0facc856dc4d435fe0f872f01d66ce0a2131b7f1d",
                "sha256:60a207efcd8c11d6bbeb7862e33418fba4e4ad79846d88d160d7231fcb42a5ee",
                "sha256:645a7092b77fdbc3f68d3cc98f9d3e71510e419f54019d6e282328c0dd140dcd",
                "sha256:6874367586c020705a44eecdad5d6b587c64b892e34305bb6ed87c9bbe22a5e9",
                "sha256:74bf0a4f9091131de09286f9a605db449840e313753949fe07c8d0fe7659ad1e",
                "sha256:7b726194f938791a6691c7592c8b9e805fc6d1b9632a833b9c0640828cd49cbc",
                "sha256:8149ded7f90154fdc1a40e0c8975df58041a6f693b8f7edcd9348484e9dc17fe",
                "sha256:8cccf7057c7d19064a9e27660f5aec4e5c4001ffcf653a47531bde19b5aa2a8a",
                "sha256:911714b08b63d155f9c948da2b5534b223a1a4fc50bb67139ab68b277c938578",
                "sha256:a5f8f85986197d1dd6444763c4a15c991bfed86d835a1f6f7d476f7198d5f56a",
                "sha256:a744132d0abaa854d1aad50ba9bc64e79c6f835b3e92521db4235a1991176813",
                "sha256:af2c14efc0bb0e91af63d00080ccc067866fb8cbbaca2b0438ab4105f5e0f08d",
                "sha256:b054eb0a8aa712c8e9030065a59b5e6a5cf0746ecdb5f087cca5ec7685690c19",
                "sha256:b0becb75418f8a130e9d465e718316cd17c7a8acce6fe8fe07adc72762bee425",
                "sha256:b1d2ed1cbda2ae107283befd9284e650d840f8f7568cb9060b5466d25dc48975",
                "sha256:ba4261c8ad00b49d48bbb3b5af388bb7576edfc0ca50a49c11dcb77caa1d897e",
                "sha256:d1fe9d7d09bb07228650903d6a9dc48ea649e3b8c69b1d263419cc722b3938e8",
                "sha256:d7804f6a71fc2dda888ef2de266727ec2f3915373d5a785ed4ddc603bbc91e08",
                "sha256:da2844fba024dd58eaa712561da47dcd1e7ad544a257482392472eae1c86d5e5",
                "sha256:dcefc97d1daf8d55199420e9162ab584ed0893a109f45e438b9794ced44c9fd0",
                "sha256:dd98c436a1fc56f48c70882cc243df89ad036210d871c7427dc164b31500dc11",
                "sha256:e74671e43ed4569fbd7989e5eecc7d06dc134b571872ab1d5a88f4a123814e9f",
                "sha256:eb9b92f456ff3ec746cd4935b73c1117538d6124b8617bc0fe6fda0b3816e345",
                "sha256:ebb4e637a1fb861c34e48a00d03cffa9234f42bef923aec44e5625ffb9a8e8f9",
                "sha256:ef739fe89e7f43fb6494a43b1878a36273e5924869ba1d866f752c5812ae8d58",
                "sha256:f40db0e02a8157d2b90857c24d89b6310f9b6c3642369852cdc3b5ac49b92afc",
                "sha256:f68bf937f113b88c866d090fea0bc52a098695173fc613b055a17ff0cf9683b6",
                "sha256:fb55c182a3f7b84c1a2d6de5fa7b1a05d4660d866b91dbf8d74549c57a1499e8"
            ],
            "version": "==5.1.0"
        },
        "zope.lifecycleevent": {
            "hashes": [
                "sha256:2be120f09ff185ac5e3294741e30a77678bd23fd7718a76fe373fc91bc13b732",
                "sha256:7ec39087cc1524e55557e7d9dc6295eb1b95b09b125e293c0e2dd068574f0aee"
            ],
            "version": "==4.3"
        },
        "zope.proxy": {
            "hashes": [
                "sha256:00573dfa755d0703ab84bb23cb6ecf97bb683c34b340d4df76651f97b0bab068",
                "sha256:092049280f2848d2ba1b57b71fe04881762a220a97b65288bcb0968bb199ec30",
                "sha256:0cbd27b4d3718b5ec74fc65ffa53c78d34c65c6fd9411b8352d2a4f855220cf1",
                "sha256:17fc7e16d0c81f833a138818a30f366696653d521febc8e892858041c4d88785",
                "sha256:19577dfeb70e8a67249ba92c8ad20589a1a2d86a8d693647fa8385408a4c17b0",
                "sha256:207aa914576b1181597a1516e1b90599dc690c095343ae281b0772e44945e6a4",
                "sha256:219a7db5ed53e523eb4a4769f13105118b6d5b04ed169a283c9775af221e231f",
                "sha256:2b50ea79849e46b5f4f2b0247a3687505d32d161eeb16a75f6f7e6cd81936e43",
                "sha256:5903d38362b6c716e66bbe470f190579c530a5baf03dbc8500e5c2357aa569a5",
                "sha256:5c24903675e271bd688c6e9e7df5775ac6b168feb87dbe0e4bcc90805f21b28f",
                "sha256:5ef6bc5ed98139e084f4e91100f2b098a0cd3493d4e76f9d6b3f7b95d7ad0f06",
                "sha256:61b55ae3c23a126a788b33ffb18f37d6668e79a05e756588d9e4d4be7246ab1c",
                "sha256:63ddb992931a5e616c87d3d89f5a58db086e617548005c7f9059fac68c03a5cc",
                "sha256:6943da9c09870490dcfd50c4909c0cc19f434fa6948f61282dc9cb07bcf08160",
                "sha256:6ad40f85c1207803d581d5d75e9ea25327cd524925699a83dfc03bf8e4ba72b7",
                "sha256:6b44433a79bdd7af0e3337bd7bbcf53dd1f9b0fa66bf21bcb756060ce32a96c1",
                "sha256:6bbaa245015d933a4172395baad7874373f162955d73612f0b66b6c2c33b6366",
                "sha256:7007227f4ea85b40a2f5e5a244479f6a6dfcf906db9b55e812a814a8f0e2c28d",
                "sha256:74884a0aec1f1609190ec8b34b5d58fb3b5353cf22b96161e13e0e835f13518f",
                "sha256:7d25fe5571ddb16369054f54cdd883f23de9941476d97f2b92eb6d7d83afe22d",
                "sha256:7e162bdc5e3baad26b2262240be7d2bab36991d85a6a556e48b9dfb402370261",
                "sha256:814d62678dc3a30f4aa081982d830b7c342cf230ffc9d030b020cb154eeebf9e",
                "sha256:8878a34c5313ee52e20aa50b03138af8d472bae465710fb954d133a9bfd3c38d",
                "sha256:a66a0d94e5b081d5d695e66d6667e91e74d79e273eee95c1747717ba9cb70792",
                "sha256:a69f5cbf4addcfdf03dda564a671040127a6b7c34cf9fe4973582e68441b63fa",
                "sha256:b00f9f0c334d07709d3f73a7cb8ae63c6ca1a90c790a63b5e7effa666ef96021",
                "sha256:b6ed71e4a7b4690447b626f499d978aa13197a0e592950e5d7020308f6054698",
                "sha256:bdf5041e5851526e885af579d2f455348dba68d74f14a32781933569a327fddf",
                "sha256:be034360dd34e62608419f86e799c97d389c10a0e677a25f236a971b2f40dac9",
                "sha256:cc8f590a5eed30b314ae6b0232d925519ade433f663de79cc3783e4b10d662ba",
                "sha256:cd7a318a15fe6cc4584bf3c4426f092ed08c0fd012cf2a9173114234fe193e11",
                "sha256:cf19b5f63a59c20306e034e691402b02055c8f4e38bf6792c23cad489162a642",
                "sha256:cfc781ce442ec407c841e9aa51d0e1024f72b6ec34caa8fdb6ef9576d549acf2",
                "sha256:dea9f6f8633571e18bc20cad83603072e697103a567f4b0738d52dd0211b4527",
                "sha256:e4a86a1d5eb2cce83c5972b3930c7c1eac81ab3508464345e2b8e54f119d5505",
                "sha256:e7106374d4a74ed9ff00c46cc00f0a9f06a0775f8868e423f85d4464d2333679",
                "sha256:e98a8a585b5668aa9e34d10f7785abf9545fe72663b4bfc16c99a115185ae6a5",
                "sha256:f64840e68483316eb58d82c376ad3585ca995e69e33b230436de0cdddf7363f9",
                "sha256:f8f4b0a9e6683e43889852130595c8854d8ae237f2324a053cdd884de936aa9b",
                "sha256:fc45a53219ed30a7f670a6d8c98527af0020e6fd4ee4c0a8fb59f147f06d816c"
            ],
            "version": "==4.3.5"
        }
    },
    "develop": {
        "astroid": {
            "hashes": [
                "sha256:4c17cea3e592c21b6e222f673868961bad77e1f985cb1694ed077475a89229c1",
                "sha256:d8506842a3faf734b81599c8b98dcc423de863adcc1999248480b18bd31a0f38"
            ],
            "version": "==2.4.1"
        },
        "isort": {
            "hashes": [
                "sha256:54da7e92468955c4fceacd0c86bd0ec997b0e1ee80d97f67c35a78b719dccab1",
                "sha256:6e811fcb295968434526407adb8796944f1988c5b65e8139058f2014cbe100fd"
            ],
            "version": "==4.3.21"
        },
        "lazy-object-proxy": {
            "hashes": [
                "sha256:0c4b206227a8097f05c4dbdd323c50edf81f15db3b8dc064d08c62d37e1a504d",
                "sha256:194d092e6f246b906e8f70884e620e459fc54db3259e60cf69a4d66c3fda3449",
                "sha256:1be7e4c9f96948003609aa6c974ae59830a6baecc5376c25c92d7d697e684c08",
                "sha256:4677f594e474c91da97f489fea5b7daa17b5517190899cf213697e48d3902f5a",
                "sha256:48dab84ebd4831077b150572aec802f303117c8cc5c871e182447281ebf3ac50",
                "sha256:5541cada25cd173702dbd99f8e22434105456314462326f06dba3e180f203dfd",
                "sha256:59f79fef100b09564bc2df42ea2d8d21a64fdcda64979c0fa3db7bdaabaf6239",
                "sha256:8d859b89baf8ef7f8bc6b00aa20316483d67f0b1cbf422f5b4dc56701c8f2ffb",
                "sha256:9254f4358b9b541e3441b007a0ea0764b9d056afdeafc1a5569eee1cc6c1b9ea",
                "sha256:9651375199045a358eb6741df3e02a651e0330be090b3bc79f6d0de31a80ec3e",
                "sha256:97bb5884f6f1cdce0099f86b907aa41c970c3c672ac8b9c8352789e103cf3156",
                "sha256:9b15f3f4c0f35727d3a0fba4b770b3c4ebbb1fa907dbcc046a1d2799f3edd142",
                "sha256:a2238e9d1bb71a56cd710611a1614d1194dc10a175c1e08d75e1a7bcc250d442",
                "sha256:a6ae12d08c0bf9909ce12385803a543bfe99b95fe01e752536a60af2b7797c62",
                "sha256:ca0a928a3ddbc5725be2dd1cf895ec0a254798915fb3a36af0964a0a4149e3db",
                "sha256:cb2c7c57005a6804ab66f106ceb8482da55f5314b7fcb06551db1edae4ad1531",
                "sha256:d74bb8693bf9cf75ac3b47a54d716bbb1a92648d5f781fc799347cfc95952383",
                "sha256:d945239a5639b3ff35b70a88c5f2f491913eb94871780ebfabb2568bd58afc5a",
                "sha256:eba7011090323c1dadf18b3b689845fd96a61ba0a1dfbd7f24b921398affc357",
                "sha256:efa1909120ce98bbb3777e8b6f92237f5d5c8ea6758efea36a473e1d38f7d3e4",
                "sha256:f3900e8a5de27447acbf900b4750b0ddfd7ec1ea7fbaf11dfa911141bc522af0"
            ],
            "version": "==1.4.3"
        },
        "mccabe": {
            "hashes": [
                "sha256:ab8a6258860da4b6677da4bd2fe5dc2c659cff31b3ee4f7f5d64e79735b80d42",
                "sha256:dd8d182285a0fe56bace7f45b5e7d1a6ebcbf524e8f3bd87eb0f125271b8831f"
            ],
            "version": "==0.6.1"
        },
        "pylint": {
            "hashes": [
                "sha256:b95e31850f3af163c2283ed40432f053acbc8fc6eba6a069cb518d9dbf71848c",
                "sha256:dd506acce0427e9e08fb87274bcaa953d38b50a58207170dbf5b36cf3e16957b"
            ],
            "index": "pypi",
            "version": "==2.5.2"
        },
        "six": {
            "hashes": [
                "sha256:30639c035cdb23534cd4aa2dd52c3bf48f06e5f4a941509c8bafd8ce11080259",
                "sha256:8b74bedcbbbaca38ff6d7491d76f2b06b3592611af620f8426e82dddb04a5ced"
            ],
            "version": "==1.15.0"
        },
        "toml": {
            "hashes": [
                "sha256:926b612be1e5ce0634a2ca03470f95169cf16f939018233a670519cb4ac58b0f",
                "sha256:bda89d5935c2eac546d648028b9901107a595863cb36bae0c73ac804a9b4ce88"
            ],
            "version": "==0.10.1"
        },
        "wrapt": {
            "hashes": [
                "sha256:b62ffa81fb85f4332a4f609cab4ac40709470da05643a082ec1eb88e6d9b97d7"
            ],
            "version": "==1.12.1"
        }
    }
}
