{
    "_meta": {
        "hash": {
            "sha256": "b8682c366c351f6d87605f8b8f7a43455efaa351878128917555e3052dac2523"
        },
        "pipfile-spec": 6,
        "requires": {
            "python_version": "3.8"
        },
        "sources": [
            {
                "name": "pypi",
                "url": "https://pypi.org/simple",
                "verify_ssl": true
            }
        ]
    },
    "default": {
        "asgiref": {
            "hashes": [
                "sha256:1d2880b792ae8757289136f1db2b7b99100ce959b2aa57fd69dab783d05afac4",
                "sha256:4a29362a6acebe09bf1d6640db38c1dc3d9217c68e6f9f6204d72667fc19a424"
            ],
            "markers": "python_version >= '3.7'",
            "version": "==3.5.2"
        },
        "certifi": {
            "hashes": [
                "sha256:35824b4c3a97115964b408844d64aa14db1cc518f6562e8d7261699d1350a9e3",
                "sha256:4ad3232f5e926d6718ec31cfc1fcadfde020920e278684144551c91769c7bc18"
            ],
            "index": "pypi",
            "version": "==2022.12.7"
        },
        "chardet": {
            "hashes": [
                "sha256:84ab92ed1c4d4f16916e05906b6b75a6c0fb5db821cc65e70cbd64a3e2a5eaae",
                "sha256:fc323ffcaeaed0e0a02bf4d117757b98aed530d9ed4531e3e15460124c106691"
            ],
            "version": "==3.0.4"
        },
        "django": {
            "hashes": [
                "sha256:051ba55d42daa3eeda3944a8e4df2bc96d4c62f94316dea217248a22563c3621",
                "sha256:9aaa6a09678e1b8f0d98a948c56482eac3e3dd2ddbfb8de70a868135ef3b5e01"
            ],
            "index": "pypi",
            "version": "==3.0.6"
        },
        "greenlet": {
            "hashes": [
                "sha256:0109af1138afbfb8ae647e31a2b1ab030f58b21dd8528c27beaeb0093b7938a9",
                "sha256:0459d94f73265744fee4c2d5ec44c6f34aa8a31017e6e9de770f7bcf29710be9",
                "sha256:04957dc96669be041e0c260964cfef4c77287f07c40452e61abe19d647505581",
                "sha256:0722c9be0797f544a3ed212569ca3fe3d9d1a1b13942d10dd6f0e8601e484d26",
                "sha256:097e3dae69321e9100202fc62977f687454cd0ea147d0fd5a766e57450c569fd",
                "sha256:0b493db84d124805865adc587532ebad30efa68f79ad68f11b336e0a51ec86c2",
                "sha256:13ba6e8e326e2116c954074c994da14954982ba2795aebb881c07ac5d093a58a",
                "sha256:13ebf93c343dd8bd010cd98e617cb4c1c1f352a0cf2524c82d3814154116aa82",
                "sha256:1407fe45246632d0ffb7a3f4a520ba4e6051fc2cbd61ba1f806900c27f47706a",
                "sha256:1bf633a50cc93ed17e494015897361010fc08700d92676c87931d3ea464123ce",
                "sha256:2d0bac0385d2b43a7bd1d651621a4e0f1380abc63d6fb1012213a401cbd5bf8f",
                "sha256:3001d00eba6bbf084ae60ec7f4bb8ed375748f53aeaefaf2a37d9f0370558524",
                "sha256:356e4519d4dfa766d50ecc498544b44c0249b6de66426041d7f8b751de4d6b48",
                "sha256:38255a3f1e8942573b067510f9611fc9e38196077b0c8eb7a8c795e105f9ce77",
                "sha256:3d75b8d013086b08e801fbbb896f7d5c9e6ccd44f13a9241d2bf7c0df9eda928",
                "sha256:41b825d65f31e394b523c84db84f9383a2f7eefc13d987f308f4663794d2687e",
                "sha256:42e602564460da0e8ee67cb6d7236363ee5e131aa15943b6670e44e5c2ed0f67",
                "sha256:4aeaebcd91d9fee9aa768c1b39cb12214b30bf36d2b7370505a9f2165fedd8d9",
                "sha256:4c8b1c43e75c42a6cafcc71defa9e01ead39ae80bd733a2608b297412beede68",
                "sha256:4d37990425b4687ade27810e3b1a1c37825d242ebc275066cfee8cb6b8829ccd",
                "sha256:4f09b0010e55bec3239278f642a8a506b91034f03a4fb28289a7d448a67f1515",
                "sha256:505138d4fa69462447a562a7c2ef723c6025ba12ac04478bc1ce2fcc279a2db5",
                "sha256:5067920de254f1a2dee8d3d9d7e4e03718e8fd2d2d9db962c8c9fa781ae82a39",
                "sha256:56961cfca7da2fdd178f95ca407fa330c64f33289e1804b592a77d5593d9bd94",
                "sha256:5a8e05057fab2a365c81abc696cb753da7549d20266e8511eb6c9d9f72fe3e92",
                "sha256:659f167f419a4609bc0516fb18ea69ed39dbb25594934bd2dd4d0401660e8a1e",
                "sha256:662e8f7cad915ba75d8017b3e601afc01ef20deeeabf281bd00369de196d7726",
                "sha256:6f61d71bbc9b4a3de768371b210d906726535d6ca43506737682caa754b956cd",
                "sha256:72b00a8e7c25dcea5946692a2485b1a0c0661ed93ecfedfa9b6687bd89a24ef5",
                "sha256:811e1d37d60b47cb8126e0a929b58c046251f28117cb16fcd371eed61f66b764",
                "sha256:81b0ea3715bf6a848d6f7149d25bf018fd24554a4be01fcbbe3fdc78e890b955",
                "sha256:88c8d517e78acdf7df8a2134a3c4b964415b575d2840a2746ddb1cc6175f8608",
                "sha256:8dca09dedf1bd8684767bc736cc20c97c29bc0c04c413e3276e0962cd7aeb148",
                "sha256:974a39bdb8c90a85982cdb78a103a32e0b1be986d411303064b28a80611f6e51",
                "sha256:9e112e03d37987d7b90c1e98ba5e1b59e1645226d78d73282f45b326f7bddcb9",
                "sha256:9e9744c657d896c7b580455e739899e492a4a452e2dd4d2b3e459f6b244a638d",
                "sha256:9ed358312e63bf683b9ef22c8e442ef6c5c02973f0c2a939ec1d7b50c974015c",
                "sha256:9f2c221eecb7ead00b8e3ddb913c67f75cba078fd1d326053225a3f59d850d72",
                "sha256:a20d33124935d27b80e6fdacbd34205732660e0a1d35d8b10b3328179a2b51a1",
                "sha256:a4c0757db9bd08470ff8277791795e70d0bf035a011a528ee9a5ce9454b6cba2",
                "sha256:afe07421c969e259e9403c3bb658968702bc3b78ec0b6fde3ae1e73440529c23",
                "sha256:b1992ba9d4780d9af9726bbcef6a1db12d9ab1ccc35e5773685a24b7fb2758eb",
                "sha256:b23d2a46d53210b498e5b701a1913697671988f4bf8e10f935433f6e7c332fb6",
                "sha256:b5e83e4de81dcc9425598d9469a624826a0b1211380ac444c7c791d4a2137c19",
                "sha256:be35822f35f99dcc48152c9839d0171a06186f2d71ef76dc57fa556cc9bf6b45",
                "sha256:be9e0fb2ada7e5124f5282d6381903183ecc73ea019568d6d63d33f25b2a9000",
                "sha256:c140e7eb5ce47249668056edf3b7e9900c6a2e22fb0eaf0513f18a1b2c14e1da",
                "sha256:c6a08799e9e88052221adca55741bf106ec7ea0710bca635c208b751f0d5b617",
                "sha256:cb242fc2cda5a307a7698c93173d3627a2a90d00507bccf5bc228851e8304963",
                "sha256:cce1e90dd302f45716a7715517c6aa0468af0bf38e814ad4eab58e88fc09f7f7",
                "sha256:cd4ccc364cf75d1422e66e247e52a93da6a9b73cefa8cad696f3cbbb75af179d",
                "sha256:d21681f09e297a5adaa73060737e3aa1279a13ecdcfcc6ef66c292cb25125b2d",
                "sha256:d38ffd0e81ba8ef347d2be0772e899c289b59ff150ebbbbe05dc61b1246eb4e0",
                "sha256:d566b82e92ff2e09dd6342df7e0eb4ff6275a3f08db284888dcd98134dbd4243",
                "sha256:d5b0ff9878333823226d270417f24f4d06f235cb3e54d1103b71ea537a6a86ce",
                "sha256:d6ee1aa7ab36475035eb48c01efae87d37936a8173fc4d7b10bb02c2d75dd8f6",
                "sha256:db38f80540083ea33bdab614a9d28bcec4b54daa5aff1668d7827a9fc769ae0a",
                "sha256:ea688d11707d30e212e0110a1aac7f7f3f542a259235d396f88be68b649e47d1",
                "sha256:f6327b6907b4cb72f650a5b7b1be23a2aab395017aa6f1adb13069d66360eb3f",
                "sha256:fb412b7db83fe56847df9c47b6fe3f13911b06339c2aa02dcc09dce8bbf582cd"
            ],
            "markers": "python_version >= '2.7' and python_version not in '3.0, 3.1, 3.2, 3.3, 3.4'",
            "version": "==2.0.1"
        },
        "idna": {
            "hashes": [
                "sha256:b307872f855b18632ce0c21c5e45be78c0ea7ae4c15c828c20788b26921eb3f6",
                "sha256:b97d804b1e9b523befed77c48dacec60e6dcb0b5391d57af6a65a312a90648c0"
            ],
            "markers": "python_version >= '2.7' and python_version not in '3.0, 3.1, 3.2, 3.3'",
            "version": "==2.10"
        },
        "jedi": {
            "hashes": [
                "sha256:cd60c93b71944d628ccac47df9a60fec53150de53d42dc10a7fc4b5ba6aae798",
                "sha256:df40c97641cb943661d2db4c33c2e1ff75d491189423249e989bcea4464f3030"
            ],
            "index": "pypi",
            "version": "==0.17.0"
        },
        "msgpack": {
            "hashes": [
                "sha256:002b5c72b6cd9b4bafd790f364b8480e859b4712e91f43014fe01e4f957b8467",
                "sha256:0a68d3ac0104e2d3510de90a1091720157c319ceeb90d74f7b5295a6bee51bae",
                "sha256:0df96d6eaf45ceca04b3f3b4b111b86b33785683d682c655063ef8057d61fd92",
                "sha256:0dfe3947db5fb9ce52aaea6ca28112a170db9eae75adf9339a1aec434dc954ef",
                "sha256:0e3590f9fb9f7fbc36df366267870e77269c03172d086fa76bb4eba8b2b46624",
                "sha256:11184bc7e56fd74c00ead4f9cc9a3091d62ecb96e97653add7a879a14b003227",
                "sha256:112b0f93202d7c0fef0b7810d465fde23c746a2d482e1e2de2aafd2ce1492c88",
                "sha256:1276e8f34e139aeff1c77a3cefb295598b504ac5314d32c8c3d54d24fadb94c9",
                "sha256:1576bd97527a93c44fa856770197dec00d223b0b9f36ef03f65bac60197cedf8",
                "sha256:1e91d641d2bfe91ba4c52039adc5bccf27c335356055825c7f88742c8bb900dd",
                "sha256:26b8feaca40a90cbe031b03d82b2898bf560027160d3eae1423f4a67654ec5d6",
                "sha256:2999623886c5c02deefe156e8f869c3b0aaeba14bfc50aa2486a0415178fce55",
                "sha256:2a2df1b55a78eb5f5b7d2a4bb221cd8363913830145fad05374a80bf0877cb1e",
                "sha256:2bb8cdf50dd623392fa75525cce44a65a12a00c98e1e37bf0fb08ddce2ff60d2",
                "sha256:2cc5ca2712ac0003bcb625c96368fd08a0f86bbc1a5578802512d87bc592fe44",
                "sha256:35bc0faa494b0f1d851fd29129b2575b2e26d41d177caacd4206d81502d4c6a6",
                "sha256:3c11a48cf5e59026ad7cb0dc29e29a01b5a66a3e333dc11c04f7e991fc5510a9",
                "sha256:449e57cc1ff18d3b444eb554e44613cffcccb32805d16726a5494038c3b93dab",
                "sha256:462497af5fd4e0edbb1559c352ad84f6c577ffbbb708566a0abaaa84acd9f3ae",
                "sha256:4733359808c56d5d7756628736061c432ded018e7a1dff2d35a02439043321aa",
                "sha256:48f5d88c99f64c456413d74a975bd605a9b0526293218a3b77220a2c15458ba9",
                "sha256:49565b0e3d7896d9ea71d9095df15b7f75a035c49be733051c34762ca95bbf7e",
                "sha256:4ab251d229d10498e9a2f3b1e68ef64cb393394ec477e3370c457f9430ce9250",
                "sha256:4d5834a2a48965a349da1c5a79760d94a1a0172fbb5ab6b5b33cbf8447e109ce",
                "sha256:4dea20515f660aa6b7e964433b1808d098dcfcabbebeaaad240d11f909298075",
                "sha256:545e3cf0cf74f3e48b470f68ed19551ae6f9722814ea969305794645da091236",
                "sha256:63e29d6e8c9ca22b21846234913c3466b7e4ee6e422f205a2988083de3b08cae",
                "sha256:6916c78f33602ecf0509cc40379271ba0f9ab572b066bd4bdafd7434dee4bc6e",
                "sha256:6a4192b1ab40f8dca3f2877b70e63799d95c62c068c84dc028b40a6cb03ccd0f",
                "sha256:6c9566f2c39ccced0a38d37c26cc3570983b97833c365a6044edef3574a00c08",
                "sha256:76ee788122de3a68a02ed6f3a16bbcd97bc7c2e39bd4d94be2f1821e7c4a64e6",
                "sha256:7760f85956c415578c17edb39eed99f9181a48375b0d4a94076d84148cf67b2d",
                "sha256:77ccd2af37f3db0ea59fb280fa2165bf1b096510ba9fe0cc2bf8fa92a22fdb43",
                "sha256:81fc7ba725464651190b196f3cd848e8553d4d510114a954681fd0b9c479d7e1",
                "sha256:85f279d88d8e833ec015650fd15ae5eddce0791e1e8a59165318f371158efec6",
                "sha256:9667bdfdf523c40d2511f0e98a6c9d3603be6b371ae9a238b7ef2dc4e7a427b0",
                "sha256:a75dfb03f8b06f4ab093dafe3ddcc2d633259e6c3f74bb1b01996f5d8aa5868c",
                "sha256:ac5bd7901487c4a1dd51a8c58f2632b15d838d07ceedaa5e4c080f7190925bff",
                "sha256:aca0f1644d6b5a73eb3e74d4d64d5d8c6c3d577e753a04c9e9c87d07692c58db",
                "sha256:b17be2478b622939e39b816e0aa8242611cc8d3583d1cd8ec31b249f04623243",
                "sha256:c1683841cd4fa45ac427c18854c3ec3cd9b681694caf5bff04edb9387602d661",
                "sha256:c23080fdeec4716aede32b4e0ef7e213c7b1093eede9ee010949f2a418ced6ba",
                "sha256:d5b5b962221fa2c5d3a7f8133f9abffc114fe218eb4365e40f17732ade576c8e",
                "sha256:d603de2b8d2ea3f3bcb2efe286849aa7a81531abc52d8454da12f46235092bcb",
                "sha256:e83f80a7fec1a62cf4e6c9a660e39c7f878f603737a0cdac8c13131d11d97f52",
                "sha256:eb514ad14edf07a1dbe63761fd30f89ae79b42625731e1ccf5e1f1092950eaa6",
                "sha256:eba96145051ccec0ec86611fe9cf693ce55f2a3ce89c06ed307de0e085730ec1",
                "sha256:ed6f7b854a823ea44cf94919ba3f727e230da29feb4a99711433f25800cf747f",
                "sha256:f0029245c51fd9473dc1aede1160b0a29f4a912e6b1dd353fa6d317085b219da",
                "sha256:f5d869c18f030202eb412f08b28d2afeea553d6613aee89e200d7aca7ef01f5f",
                "sha256:fb62ea4b62bfcb0b380d5680f9a4b3f9a2d166d9394e9bbd9666c0ee09a3645c",
                "sha256:fcb8a47f43acc113e24e910399376f7277cf8508b27e5b88499f053de6b115a8"
            ],
            "version": "==1.0.4"
        },
        "node": {
            "hashes": [
                "sha256:39f156acbc6aa38dac7f85f291c33f6f285c7f8cad0786727cb06a8443c907b3"
            ],
            "index": "pypi",
            "version": "==0.9.25"
        },
        "odict": {
            "hashes": [
                "sha256:6e7ff07552d3c6cddffac565fdc7fd1fef0220b6c68f518128cab40f82114d97",
                "sha256:fc4a05c46fd3d574bf9cf89a3e23aa3f1584a246419a1f7365fc36f9f36c2b44"
            ],
            "version": "==1.9.0"
        },
        "parso": {
            "hashes": [
                "sha256:8c07be290bb59f03588915921e29e8a50002acaf2cdc5fa0e0114f91709fafa0",
                "sha256:c001d4636cd3aecdaf33cbb40aebb59b094be2a74c556778ef5576c175e19e75"
            ],
            "markers": "python_version >= '3.6'",
            "version": "==0.8.3"
        },
        "plumber": {
            "hashes": [
                "sha256:4e734ce006b2b4367ce6f7e22c854f434f09eebfe9679b91758745c6184ddc11",
                "sha256:bde8d6323a8b3bdfc49ae3fa054c0801408a09a2c37e319ae9f0a4d49e4d5a23"
            ],
            "version": "==1.7"
        },
        "pynvim": {
            "hashes": [
                "sha256:55e918d664654cfa1c9889d3dbe7c63e9f338df5d49471663f78d54c85e84c58"
            ],
            "index": "pypi",
            "version": "==0.4.1"
        },
        "pytz": {
            "hashes": [
                "sha256:222439474e9c98fced559f1709d89e6c9cbf8d79c794ff3eb9f8800064291427",
                "sha256:e89512406b793ca39f5971bc999cc538ce125c0e51c27941bef4568b460095e2"
            ],
            "version": "==2022.6"
        },
        "requests": {
            "hashes": [
                "sha256:43999036bfa82904b6af1d99e4882b560e5e2c68e5c4b0aa03b655f3d7d73fee",
                "sha256:5d2d0ffbb515f39417009a46c14256291061ac01ba8f875b90cad137de83beb4",
                "sha256:b3f43d496c6daba4493e7c431722aeb7dbc6288f52a6e04e7b6023b0247817e6"
            ],
            "index": "pypi",
            "version": "==2.23.0"
        },
        "setuptools": {
            "hashes": [
                "sha256:57f6f22bde4e042978bcd50176fdb381d7c21a9efa4041202288d3737a0c6a54",
                "sha256:a7620757bf984b58deaf32fc8a4577a9bbc0850cf92c20e1ce41c38c19e5fb75"
            ],
            "markers": "python_version >= '3.7'",
            "version": "==65.6.3"
        },
        "sqlparse": {
            "hashes": [
                "sha256:0323c0ec29cd52bceabc1b4d9d579e311f3e4961b98d174201d5622a23b85e34",
                "sha256:69ca804846bb114d2ec380e4360a8a340db83f0ccf3afceeb1404df028f57268"
            ],
            "markers": "python_version >= '3.5'",
            "version": "==0.4.3"
        },
        "urllib3": {
            "hashes": [
                "sha256:8d7eaa5a82a1cac232164990f04874c594c9453ec55eef02eab885aa02fc17a2",
                "sha256:f5321fbe4bf3fefa0efd0bfe7fb14e90909eb62a48ccda331726b4319897dd5e"
            ],
            "markers": "python_version >= '2.7' and python_version not in '3.0, 3.1, 3.2, 3.3, 3.4' and python_version < '4'",
            "version": "==1.25.11"
        },
        "zope.component": {
            "hashes": [
                "sha256:32cbe426ba8fa7b62ce5b211f80f0718a0c749cc7ff09e3f4b43a57f7ccdf5e5",
                "sha256:e955eb9f1e55d30e2d8097c8baa9ee012c356887eef3b0d43e6bfcd4868221e5"
            ],
            "markers": "python_version >= '2.7' and python_version not in '3.0, 3.1, 3.2, 3.3, 3.4'",
            "version": "==5.0.1"
        },
        "zope.deprecation": {
            "hashes": [
                "sha256:0d453338f04bacf91bbfba545d8bcdf529aa829e67b705eac8c1a7fdce66e2df",
                "sha256:f1480b74995958b24ce37b0ef04d3663d2683e5d6debc96726eff18acf4ea113"
            ],
            "version": "==4.4.0"
        },
        "zope.event": {
            "hashes": [
                "sha256:2666401939cdaa5f4e0c08cf7f20c9b21423b95e88f4675b1443973bdb080c42",
                "sha256:5e76517f5b9b119acf37ca8819781db6c16ea433f7e2062c4afc2b6fbedb1330"
            ],
            "version": "==4.5.0"
        },
        "zope.hookable": {
            "hashes": [
                "sha256:0054539ed839751b7f511193912cba393f0b8b5f7dfe9f3601c65b2d3b74e731",
                "sha256:049ef54de127236e555d0864ad3b950b2b6e5048cdf1098cf340c6fb108104c7",
                "sha256:06570ed57b22624c7673ff203801bbdece14d2d42dc5d9879c24ef5612c53456",
                "sha256:0e9e5adc24954e157e084bee97362346470a06d0305cb095118367a8a776dce4",
                "sha256:2e8fd79437c2007020d3faac41e13c49bcbaa6a0738e4142b996c656dcb5bb69",
                "sha256:4313b3d282c1c26fcb69569b7988bc2de0b6dc59238ae7189b6b7b29503d47cb",
                "sha256:448ca90d78bd3aef75fe5d55d19f5d05a217193738b7a8d5fd9e93ecf2c02c84",
                "sha256:4b2fd781571336b0b7655826d9a052379a06b62af138085409b2e3fef1e6fb3d",
                "sha256:5215355203b9583b7f2a8f06fa7df272562cc12bf5be1a960a45ea49c3294426",
                "sha256:5cb0e4a23588435c6911bde300158d31e47c73c469fbf59d927e801e1cb457ef",
                "sha256:71bff8f7c2e223f92a218b0909ccc6f612c075cc3b5ed164cf152f1537cae2ca",
                "sha256:7241ab28df7288d9a8bf49339a0aabfbf035b93d6a2a843af13d13dfa735c46a",
                "sha256:7269a0fbcd7c5901e255679f8dac835b628eab58d5490c38cf2b15508f181e64",
                "sha256:7401bd6138e58231aef751c63718726259a7aa6875d746d8a87bba70271b9cff",
                "sha256:761c9bf1b8df6e2b2d5ae87cda27b8e82c33e2f328750e039de4f6f7f35b73cd",
                "sha256:78c51f04aabd3b77ba8d3b2c2abaff8b7598376fea7bd1af9929e90549f6dd4c",
                "sha256:93cfda0663d4d3db6b1818619fbc14e3df2e703454983c841b3b95894d559f86",
                "sha256:9af06ca83ff1ef9f94a98d08095dd8960fc5b71ffc7ed7db05988dc493e148a1",
                "sha256:9cffa01d8ef1172492fd6df0113ff5432006129b9bd6e8265e1e4985362b973d",
                "sha256:9d398b1de407a5908c8e5f55fb7a26fa177916b1203e697ef0b4c3389dd28e14",
                "sha256:9f447ecaf7741257333f4b1cc215de633daaf147dbc87133638142ed88492617",
                "sha256:9f5d425eb57dee785e4d32703e45c5d6cf2b9fa7ad37c10214593b5f62daa60b",
                "sha256:9f7dd1b45cd13976f49ad21f48a8253628c74ad5eefe3f6e14d50f38cc45f613",
                "sha256:9fd11381ec66a8569f999dbe11c94870ddf8aecd591300f203a927f18e938a24",
                "sha256:acec917178af910959205f98f48bcd0a165bdcd6b4d8b3f4baf06fa393ac5ff5",
                "sha256:b65e86a5cb8244d83eabd021f70968d4a80fac01edc99f6e35d29e5458a128bb",
                "sha256:bad033b8adfe71f650fef2d4fc33452b3310a0e53139a530dbffbcf9fe08c8c8",
                "sha256:c39ffe1b1ef7543e8efafdc6472d7b9ece8ed1ebe20be261522346463aa2c8c0",
                "sha256:c79da9673a7d704f6ea2a4bbef6e5e161adbba9d8371476de28a0e3416510cc1",
                "sha256:d06da931ac88ebb4c02ac89d0b6fdb2e4fff130901edf9c6e7ea0338a2edf6bd",
                "sha256:d44229a0aa8d3587491f359d7326c55b5db6379f68656785dece792afbcfcbae",
                "sha256:d5e50bfbcde1afe32f9cf7fa5e8ea42e218090ecb989c31164d708d0491134b7",
                "sha256:d822b7ec71ebb5c96df000e2180127e94ba49258335ae796dc4b6201259b2502",
                "sha256:eeb4042f9b1771a1dd8377cb1cb307c4a4f5821d1491becbdc69bc9de66d3918",
                "sha256:fb601f00ac87e5aa582a81315ed96768ce3513280729d3f51f79312e2b8b94ac",
                "sha256:fd49da3340339b8aeef31153ce898e93867ee5a7ffcf685e903ceae6717f0cc2"
            ],
            "markers": "python_version >= '2.7' and python_version not in '3.0, 3.1, 3.2, 3.3, 3.4'",
            "version": "==5.4"
        },
        "zope.interface": {
            "hashes": [
                "sha256:008b0b65c05993bb08912f644d140530e775cf1c62a072bf9340c2249e613c32",
                "sha256:0217a9615531c83aeedb12e126611b1b1a3175013bbafe57c702ce40000eb9a0",
                "sha256:0fb497c6b088818e3395e302e426850f8236d8d9f4ef5b2836feae812a8f699c",
                "sha256:17ebf6e0b1d07ed009738016abf0d0a0f80388e009d0ac6e0ead26fc162b3b9c",
                "sha256:311196634bb9333aa06f00fc94f59d3a9fddd2305c2c425d86e406ddc6f2260d",
                "sha256:3218ab1a7748327e08ef83cca63eea7cf20ea7e2ebcb2522072896e5e2fceedf",
                "sha256:404d1e284eda9e233c90128697c71acffd55e183d70628aa0bbb0e7a3084ed8b",
                "sha256:4087e253bd3bbbc3e615ecd0b6dd03c4e6a1e46d152d3be6d2ad08fbad742dcc",
                "sha256:40f4065745e2c2fa0dff0e7ccd7c166a8ac9748974f960cd39f63d2c19f9231f",
                "sha256:5334e2ef60d3d9439c08baedaf8b84dc9bb9522d0dacbc10572ef5609ef8db6d",
                "sha256:604cdba8f1983d0ab78edc29aa71c8df0ada06fb147cea436dc37093a0100a4e",
                "sha256:6373d7eb813a143cb7795d3e42bd8ed857c82a90571567e681e1b3841a390d16",
                "sha256:655796a906fa3ca67273011c9805c1e1baa047781fca80feeb710328cdbed87f",
                "sha256:65c3c06afee96c654e590e046c4a24559e65b0a87dbff256cd4bd6f77e1a33f9",
                "sha256:696f3d5493eae7359887da55c2afa05acc3db5fc625c49529e84bd9992313296",
                "sha256:6e972493cdfe4ad0411fd9abfab7d4d800a7317a93928217f1a5de2bb0f0d87a",
                "sha256:7579960be23d1fddecb53898035a0d112ac858c3554018ce615cefc03024e46d",
                "sha256:765d703096ca47aa5d93044bf701b00bbce4d903a95b41fff7c3796e747b1f1d",
                "sha256:7e66f60b0067a10dd289b29dceabd3d0e6d68be1504fc9d0bc209cf07f56d189",
                "sha256:8a2ffadefd0e7206adc86e492ccc60395f7edb5680adedf17a7ee4205c530df4",
                "sha256:959697ef2757406bff71467a09d940ca364e724c534efbf3786e86eee8591452",
                "sha256:9d783213fab61832dbb10d385a319cb0e45451088abd45f95b5bb88ed0acca1a",
                "sha256:a16025df73d24795a0bde05504911d306307c24a64187752685ff6ea23897cb0",
                "sha256:a2ad597c8c9e038a5912ac3cf166f82926feff2f6e0dabdab956768de0a258f5",
                "sha256:bfee1f3ff62143819499e348f5b8a7f3aa0259f9aca5e0ddae7391d059dce671",
                "sha256:d169ccd0756c15bbb2f1acc012f5aab279dffc334d733ca0d9362c5beaebe88e",
                "sha256:d514c269d1f9f5cd05ddfed15298d6c418129f3f064765295659798349c43e6f",
                "sha256:d692374b578360d36568dd05efb8a5a67ab6d1878c29c582e37ddba80e66c396",
                "sha256:dbaeb9cf0ea0b3bc4b36fae54a016933d64c6d52a94810a63c00f440ecb37dd7",
                "sha256:dc26c8d44472e035d59d6f1177eb712888447f5799743da9c398b0339ed90b1b",
                "sha256:e1574980b48c8c74f83578d1e77e701f8439a5d93f36a5a0af31337467c08fcf",
                "sha256:e74a578172525c20d7223eac5f8ad187f10940dac06e40113d62f14f3adb1e8f",
                "sha256:e945de62917acbf853ab968d8916290548df18dd62c739d862f359ecd25842a6",
                "sha256:f0980d44b8aded808bec5059018d64692f0127f10510eca71f2f0ace8fb11188",
                "sha256:f98d4bd7bbb15ca701d19b93263cc5edfd480c3475d163f137385f49e5b3a3a7",
                "sha256:fb68d212efd057596dee9e6582daded9f8ef776538afdf5feceb3059df2d2e7b"
            ],
            "markers": "python_version >= '2.7' and python_version not in '3.0, 3.1, 3.2, 3.3, 3.4'",
            "version": "==5.5.2"
        },
        "zope.lifecycleevent": {
            "hashes": [
                "sha256:f378eec5715b1071a593f7134c64be8f58270fe0916c5e316c0329a6da2ad5d1",
                "sha256:f5a854e89ff97deea47bfbea378bbbef2789d2e0cc90a1c1da57d90a1ce67cb5"
            ],
            "version": "==4.4"
        }
    },
    "develop": {
        "astroid": {
            "hashes": [
                "sha256:87ae7f2398b8a0ae5638ddecf9987f081b756e0e9fc071aeebdca525671fc4dc",
                "sha256:b31c92f545517dcc452f284bc9c044050862fbe6d93d2b3de4a215a6b384bf0d"
            ],
            "markers": "python_version >= '3.6'",
            "version": "==2.5"
        },
        "isort": {
            "hashes": [
                "sha256:54da7e92468955c4fceacd0c86bd0ec997b0e1ee80d97f67c35a78b719dccab1",
                "sha256:6e811fcb295968434526407adb8796944f1988c5b65e8139058f2014cbe100fd"
            ],
            "markers": "python_version >= '2.7' and python_version not in '3.0, 3.1, 3.2, 3.3'",
            "version": "==4.3.21"
        },
        "lazy-object-proxy": {
            "hashes": [
                "sha256:0c1c7c0433154bb7c54185714c6929acc0ba04ee1b167314a779b9025517eada",
                "sha256:14010b49a2f56ec4943b6cf925f597b534ee2fe1f0738c84b3bce0c1a11ff10d",
                "sha256:4e2d9f764f1befd8bdc97673261b8bb888764dfdbd7a4d8f55e4fbcabb8c3fb7",
                "sha256:4fd031589121ad46e293629b39604031d354043bb5cdf83da4e93c2d7f3389fe",
                "sha256:5b51d6f3bfeb289dfd4e95de2ecd464cd51982fe6f00e2be1d0bf94864d58acd",
                "sha256:6850e4aeca6d0df35bb06e05c8b934ff7c533734eb51d0ceb2d63696f1e6030c",
                "sha256:6f593f26c470a379cf7f5bc6db6b5f1722353e7bf937b8d0d0b3fba911998858",
                "sha256:71d9ae8a82203511a6f60ca5a1b9f8ad201cac0fc75038b2dc5fa519589c9288",
                "sha256:7e1561626c49cb394268edd00501b289053a652ed762c58e1081224c8d881cec",
                "sha256:8f6ce2118a90efa7f62dd38c7dbfffd42f468b180287b748626293bf12ed468f",
                "sha256:ae032743794fba4d171b5b67310d69176287b5bf82a21f588282406a79498891",
                "sha256:afcaa24e48bb23b3be31e329deb3f1858f1f1df86aea3d70cb5c8578bfe5261c",
                "sha256:b70d6e7a332eb0217e7872a73926ad4fdc14f846e85ad6749ad111084e76df25",
                "sha256:c219a00245af0f6fa4e95901ed28044544f50152840c5b6a3e7b2568db34d156",
                "sha256:ce58b2b3734c73e68f0e30e4e725264d4d6be95818ec0a0be4bb6bf9a7e79aa8",
                "sha256:d176f392dbbdaacccf15919c77f526edf11a34aece58b55ab58539807b85436f",
                "sha256:e20bfa6db17a39c706d24f82df8352488d2943a3b7ce7d4c22579cb89ca8896e",
                "sha256:eac3a9a5ef13b332c059772fd40b4b1c3d45a3a2b05e33a361dee48e54a4dad0",
                "sha256:eb329f8d8145379bf5dbe722182410fe8863d186e51bf034d2075eb8d85ee25b"
            ],
            "markers": "python_version >= '3.7'",
            "version": "==1.8.0"
        },
        "mccabe": {
            "hashes": [
                "sha256:ab8a6258860da4b6677da4bd2fe5dc2c659cff31b3ee4f7f5d64e79735b80d42",
                "sha256:dd8d182285a0fe56bace7f45b5e7d1a6ebcbf524e8f3bd87eb0f125271b8831f"
            ],
            "version": "==0.6.1"
        },
        "pylint": {
            "hashes": [
                "sha256:b95e31850f3af163c2283ed40432f053acbc8fc6eba6a069cb518d9dbf71848c",
                "sha256:dd506acce0427e9e08fb87274bcaa953d38b50a58207170dbf5b36cf3e16957b"
            ],
            "index": "pypi",
            "version": "==2.5.2"
        },
        "toml": {
            "hashes": [
                "sha256:806143ae5bfb6a3c6e736a764057db0e6a0e05e338b5630894a5f779cabb4f9b",
                "sha256:b3bda1d108d5dd99f4a20d24d9c348e91c4db7ab1b749200bded2f839ccbe68f"
            ],
            "markers": "python_version >= '2.6' and python_version not in '3.0, 3.1, 3.2, 3.3'",
            "version": "==0.10.2"
        },
        "wrapt": {
            "hashes": [
                "sha256:b62ffa81fb85f4332a4f609cab4ac40709470da05643a082ec1eb88e6d9b97d7"
            ],
            "version": "==1.12.1"
        }
    }
}
